
Microsoft Visual Studio Solution File, Format Version 12.00
# Visual Studio 15
VisualStudioVersion = 15.0.27428.2037
MinimumVisualStudioVersion = 10.0.40219.1
Project("{FAE04EC0-301F-11D3-BF4B-00C04F79EFBC}") = "WebAPI_VueJS_CRUD", "WebAPI_VueJS_CRUD\WebAPI_VueJS_CRUD.csproj", "{68B73C51-947B-455F-A312-5EEAFCCB96CE}"
EndProject
Global
	GlobalSection(SolutionConfigurationPlatforms) = preSolution
		Debug|Any CPU = Debug|Any CPU
		Release|Any CPU = Release|Any CPU
	EndGlobalSection
	GlobalSection(ProjectConfigurationPlatforms) = postSolution
		{68B73C51-947B-455F-A312-5EEAFCCB96CE}.Debug|Any CPU.ActiveCfg = Debug|Any CPU
		{68B73C51-947B-455F-A312-5EEAFCCB96CE}.Debug|Any CPU.Build.0 = Debug|Any CPU
		{68B73C51-947B-455F-A312-5EEAFCCB96CE}.Release|Any CPU.ActiveCfg = Release|Any CPU
		{68B73C51-947B-455F-A312-5EEAFCCB96CE}.Release|Any CPU.Build.0 = Release|Any CPU
	EndGlobalSection
	GlobalSection(SolutionProperties) = preSolution
		HideSolutionNode = FALSE
	EndGlobalSection
	GlobalSection(ExtensibilityGlobals) = postSolution
		SolutionGuid = {CFC2AA18-09FE-4EEC-A29C-3C2C7B845C41}
	EndGlobalSection
EndGlobal
